lockfileVersion: '9.0'

settings:
  autoInstallPeers: true
  excludeLinksFromLockfile: false

importers:

  .:
    dependencies:
      '@trpc/client':
        specifier: 11.0.0-rc.477
        version: 11.0.0-rc.477(@trpc/server@11.0.0-rc.477)
      '@trpc/server':
        specifier: 11.0.0-rc.477
        version: 11.0.0-rc.477

packages:

  '@trpc/client@11.0.0-rc.477':
    resolution: {integrity: sha512-Ah/Er3vxTm2bIEUcIrike7Z/8Yc+DkFveU2ZHQQ0+zY7yxs931438+4OEJuY/Xl/0p5OTDeZTm6HBuZ1REFiyA==}
    peerDependencies:
      '@trpc/server': 11.0.0-rc.477+a467f8314

  '@trpc/server@11.0.0-rc.477':
    resolution: {integrity: sha512-K6zmjRv96fWilqm/ETehEK1DWsy5bSyrs2xbsNzCbjguMgamMhOClRHgYzJcwgLp2kasJ7QgD9YbahOhV1/u1w==}

snapshots:

  '@trpc/client@11.0.0-rc.477(@trpc/server@11.0.0-rc.477)':
    dependencies:
      '@trpc/server': 11.0.0-rc.477

  '@trpc/server@11.0.0-rc.477': {}
